
Microsoft Visual Studio Solution File, Format Version 12.00
# Visual Studio Version 16
VisualStudioVersion = 16.0.31410.357
MinimumVisualStudioVersion = 10.0.40219.1
Project("{FAE04EC0-301F-11D3-BF4B-00C04F79EFBC}") = "StackLayoutTutorial.Android", "StackLayoutTutorial\StackLayoutTutorial.Android\StackLayoutTutorial.Android.csproj", "{512EFE23-B9D3-4E7E-8C85-F9ABF6BCD460}"
EndProject
Project("{FAE04EC0-301F-11D3-BF4B-00C04F79EFBC}") = "StackLayoutTutorial.iOS", "StackLayoutTutorial\StackLayoutTutorial.iOS\StackLayoutTutorial.iOS.csproj", "{ED454D16-687D-497E-8EE0-D84556270948}"
EndProject
Project("{FAE04EC0-301F-11D3-BF4B-00C04F79EFBC}") = "StackLayoutTutorial", "StackLayoutTutorial\StackLayoutTutorial\StackLayoutTutorial.csproj", "{0C5C0671-5BB3-45BC-9802-14F9EB2F7A2F}"
EndProject
Global
	GlobalSection(SolutionConfigurationPlatforms) = preSolution
		Debug|Any CPU = Debug|Any CPU
		Debug|iPhone = Debug|iPhone
		Debug|iPhoneSimulator = Debug|iPhoneSimulator
		Release|Any CPU = Release|Any CPU
		Release|iPhone = Release|iPhone
		Release|iPhoneSimulator = Release|iPhoneSimulator
	EndGlobalSection
	GlobalSection(ProjectConfigurationPlatforms) = postSolution
		{512EFE23-B9D3-4E7E-8C85-F9ABF6BCD460}.Debug|Any CPU.ActiveCfg = Debug|Any CPU
		{512EFE23-B9D3-4E7E-8C85-F9ABF6BCD460}.Debug|Any CPU.Build.0 = Debug|Any CPU
		{512EFE23-B9D3-4E7E-8C85-F9ABF6BCD460}.Debug|Any CPU.Deploy.0 = Debug|Any CPU
		{512EFE23-B9D3-4E7E-8C85-F9ABF6BCD460}.Debug|iPhone.ActiveCfg = Debug|Any CPU
		{512EFE23-B9D3-4E7E-8C85-F9ABF6BCD460}.Debug|iPhone.Build.0 = Debug|Any CPU
		{512EFE23-B9D3-4E7E-8C85-F9ABF6BCD460}.Debug|iPhone.Deploy.0 = Debug|Any CPU
		{512EFE23-B9D3-4E7E-8C85-F9ABF6BCD460}.Debug|iPhoneSimulator.ActiveCfg = Debug|Any CPU
		{512EFE23-B9D3-4E7E-8C85-F9ABF6BCD460}.Debug|iPhoneSimulator.Build.0 = Debug|Any CPU
		{512EFE23-B9D3-4E7E-8C85-F9ABF6BCD460}.Debug|iPhoneSimulator.Deploy.0 = Debug|Any CPU
		{512EFE23-B9D3-4E7E-8C85-F9ABF6BCD460}.Release|Any CPU.ActiveCfg = Release|Any CPU
		{512EFE23-B9D3-4E7E-8C85-F9ABF6BCD460}.Release|Any CPU.Build.0 = Release|Any CPU
		{512EFE23-B9D3-4E7E-8C85-F9ABF6BCD460}.Release|Any CPU.Deploy.0 = Release|Any CPU
		{512EFE23-B9D3-4E7E-8C85-F9ABF6BCD460}.Release|iPhone.ActiveCfg = Release|Any CPU
		{512EFE23-B9D3-4E7E-8C85-F9ABF6BCD460}.Release|iPhone.Build.0 = Release|Any CPU
		{512EFE23-B9D3-4E7E-8C85-F9ABF6BCD460}.Release|iPhone.Deploy.0 = Release|Any CPU
		{512EFE23-B9D3-4E7E-8C85-F9ABF6BCD460}.Release|iPhoneSimulator.ActiveCfg = Release|Any CPU
		{512EFE23-B9D3-4E7E-8C85-F9ABF6BCD460}.Release|iPhoneSimulator.Build.0 = Release|Any CPU
		{512EFE23-B9D3-4E7E-8C85-F9ABF6BCD460}.Release|iPhoneSimulator.Deploy.0 = Release|Any CPU
		{ED454D16-687D-497E-8EE0-D84556270948}.Debug|Any CPU.ActiveCfg = Debug|iPhone
		{ED454D16-687D-497E-8EE0-D84556270948}.Debug|Any CPU.Build.0 = Debug|iPhone
		{ED454D16-687D-497E-8EE0-D84556270948}.Debug|Any CPU.Deploy.0 = Debug|iPhone
		{ED454D16-687D-497E-8EE0-D84556270948}.Debug|iPhone.ActiveCfg = Debug|iPhone
		{ED454D16-687D-497E-8EE0-D84556270948}.Debug|iPhone.Build.0 = Debug|iPhone
		{ED454D16-687D-497E-8EE0-D84556270948}.Debug|iPhone.Deploy.0 = Debug|iPhone
		{ED454D16-687D-497E-8EE0-D84556270948}.Debug|iPhoneSimulator.ActiveCfg = Debug|iPhoneSimulator
		{ED454D16-687D-497E-8EE0-D84556270948}.Debug|iPhoneSimulator.Build.0 = Debug|iPhoneSimulator
		{ED454D16-687D-497E-8EE0-D84556270948}.Debug|iPhoneSimulator.Deploy.0 = Debug|iPhoneSimulator
		{ED454D16-687D-497E-8EE0-D84556270948}.Release|Any CPU.ActiveCfg = Release|iPhoneSimulator
		{ED454D16-687D-497E-8EE0-D84556270948}.Release|Any CPU.Build.0 = Release|iPhoneSimulator
		{ED454D16-687D-497E-8EE0-D84556270948}.Release|Any CPU.Deploy.0 = Release|iPhoneSimulator
		{ED454D16-687D-497E-8EE0-D84556270948}.Release|iPhone.ActiveCfg = Release|iPhone
		{ED454D16-687D-497E-8EE0-D84556270948}.Release|iPhone.Build.0 = Release|iPhone
		{ED454D16-687D-497E-8EE0-D84556270948}.Release|iPhone.Deploy.0 = Release|iPhone
		{ED454D16-687D-497E-8EE0-D84556270948}.Release|iPhoneSimulator.ActiveCfg = Release|iPhoneSimulator
		{ED454D16-687D-497E-8EE0-D84556270948}.Release|iPhoneSimulator.Build.0 = Release|iPhoneSimulator
		{ED454D16-687D-497E-8EE0-D84556270948}.Release|iPhoneSimulator.Deploy.0 = Release|iPhoneSimulator
		{0C5C0671-5BB3-45BC-9802-14F9EB2F7A2F}.Debug|Any CPU.ActiveCfg = Debug|Any CPU
		{0C5C0671-5BB3-45BC-9802-14F9EB2F7A2F}.Debug|Any CPU.Build.0 = Debug|Any CPU
		{0C5C0671-5BB3-45BC-9802-14F9EB2F7A2F}.Debug|Any CPU.Deploy.0 = Debug|Any CPU
		{0C5C0671-5BB3-45BC-9802-14F9EB2F7A2F}.Debug|iPhone.ActiveCfg = Debug|Any CPU
		{0C5C0671-5BB3-45BC-9802-14F9EB2F7A2F}.Debug|iPhone.Build.0 = Debug|Any CPU
		{0C5C0671-5BB3-45BC-9802-14F9EB2F7A2F}.Debug|iPhone.Deploy.0 = Debug|Any CPU
		{0C5C0671-5BB3-45BC-9802-14F9EB2F7A2F}.Debug|iPhoneSimulator.ActiveCfg = Debug|Any CPU
		{0C5C0671-5BB3-45BC-9802-14F9EB2F7A2F}.Debug|iPhoneSimulator.Build.0 = Debug|Any CPU
		{0C5C0671-5BB3-45BC-9802-14F9EB2F7A2F}.Debug|iPhoneSimulator.Deploy.0 = Debug|Any CPU
		{0C5C0671-5BB3-45BC-9802-14F9EB2F7A2F}.Release|Any CPU.ActiveCfg = Release|Any CPU
		{0C5C0671-5BB3-45BC-9802-14F9EB2F7A2F}.Release|Any CPU.Build.0 = Release|Any CPU
		{0C5C0671-5BB3-45BC-9802-14F9EB2F7A2F}.Release|Any CPU.Deploy.0 = Release|Any CPU
		{0C5C0671-5BB3-45BC-9802-14F9EB2F7A2F}.Release|iPhone.ActiveCfg = Release|Any CPU
		{0C5C0671-5BB3-45BC-9802-14F9EB2F7A2F}.Release|iPhone.Build.0 = Release|Any CPU
		{0C5C0671-5BB3-45BC-9802-14F9EB2F7A2F}.Release|iPhone.Deploy.0 = Release|Any CPU
		{0C5C0671-5BB3-45BC-9802-14F9EB2F7A2F}.Release|iPhoneSimulator.ActiveCfg = Release|Any CPU
		{0C5C0671-5BB3-45BC-9802-14F9EB2F7A2F}.Release|iPhoneSimulator.Build.0 = Release|Any CPU
		{0C5C0671-5BB3-45BC-9802-14F9EB2F7A2F}.Release|iPhoneSimulator.Deploy.0 = Release|Any CPU
	EndGlobalSection
	GlobalSection(SolutionProperties) = preSolution
		HideSolutionNode = FALSE
	EndGlobalSection
	GlobalSection(ExtensibilityGlobals) = postSolution
		SolutionGuid = {66D35C00-1F07-4D1C-AB2D-C436059669FA}
	EndGlobalSection
EndGlobal
