
Microsoft Visual Studio Solution File, Format Version 12.00
# Visual Studio Version 16
VisualStudioVersion = 16.0.31410.357
MinimumVisualStudioVersion = 10.0.40219.1
Project("{FAE04EC0-301F-11D3-BF4B-00C04F79EFBC}") = "CollectionViewTutorial.Android", "CollectionViewTutorial\CollectionViewTutorial.Android\CollectionViewTutorial.Android.csproj", "{817042B5-B02E-4BAC-8A7F-840F4081897C}"
EndProject
Project("{FAE04EC0-301F-11D3-BF4B-00C04F79EFBC}") = "CollectionViewTutorial.iOS", "CollectionViewTutorial\CollectionViewTutorial.iOS\CollectionViewTutorial.iOS.csproj", "{91898C44-14BC-4E3A-911D-7525A6CEF500}"
EndProject
Project("{FAE04EC0-301F-11D3-BF4B-00C04F79EFBC}") = "CollectionViewTutorial", "CollectionViewTutorial\CollectionViewTutorial\CollectionViewTutorial.csproj", "{E305ABE6-C967-44A9-98D3-A4141ED46C5F}"
EndProject
Global
	GlobalSection(SolutionConfigurationPlatforms) = preSolution
		Debug|Any CPU = Debug|Any CPU
		Debug|iPhone = Debug|iPhone
		Debug|iPhoneSimulator = Debug|iPhoneSimulator
		Release|Any CPU = Release|Any CPU
		Release|iPhone = Release|iPhone
		Release|iPhoneSimulator = Release|iPhoneSimulator
	EndGlobalSection
	GlobalSection(ProjectConfigurationPlatforms) = postSolution
		{817042B5-B02E-4BAC-8A7F-840F4081897C}.Debug|Any CPU.ActiveCfg = Debug|Any CPU
		{817042B5-B02E-4BAC-8A7F-840F4081897C}.Debug|Any CPU.Build.0 = Debug|Any CPU
		{817042B5-B02E-4BAC-8A7F-840F4081897C}.Debug|Any CPU.Deploy.0 = Debug|Any CPU
		{817042B5-B02E-4BAC-8A7F-840F4081897C}.Debug|iPhone.ActiveCfg = Debug|Any CPU
		{817042B5-B02E-4BAC-8A7F-840F4081897C}.Debug|iPhone.Build.0 = Debug|Any CPU
		{817042B5-B02E-4BAC-8A7F-840F4081897C}.Debug|iPhone.Deploy.0 = Debug|Any CPU
		{817042B5-B02E-4BAC-8A7F-840F4081897C}.Debug|iPhoneSimulator.ActiveCfg = Debug|Any CPU
		{817042B5-B02E-4BAC-8A7F-840F4081897C}.Debug|iPhoneSimulator.Build.0 = Debug|Any CPU
		{817042B5-B02E-4BAC-8A7F-840F4081897C}.Debug|iPhoneSimulator.Deploy.0 = Debug|Any CPU
		{817042B5-B02E-4BAC-8A7F-840F4081897C}.Release|Any CPU.ActiveCfg = Release|Any CPU
		{817042B5-B02E-4BAC-8A7F-840F4081897C}.Release|Any CPU.Build.0 = Release|Any CPU
		{817042B5-B02E-4BAC-8A7F-840F4081897C}.Release|Any CPU.Deploy.0 = Release|Any CPU
		{817042B5-B02E-4BAC-8A7F-840F4081897C}.Release|iPhone.ActiveCfg = Release|Any CPU
		{817042B5-B02E-4BAC-8A7F-840F4081897C}.Release|iPhone.Build.0 = Release|Any CPU
		{817042B5-B02E-4BAC-8A7F-840F4081897C}.Release|iPhone.Deploy.0 = Release|Any CPU
		{817042B5-B02E-4BAC-8A7F-840F4081897C}.Release|iPhoneSimulator.ActiveCfg = Release|Any CPU
		{817042B5-B02E-4BAC-8A7F-840F4081897C}.Release|iPhoneSimulator.Build.0 = Release|Any CPU
		{817042B5-B02E-4BAC-8A7F-840F4081897C}.Release|iPhoneSimulator.Deploy.0 = Release|Any CPU
		{91898C44-14BC-4E3A-911D-7525A6CEF500}.Debug|Any CPU.ActiveCfg = Debug|iPhone
		{91898C44-14BC-4E3A-911D-7525A6CEF500}.Debug|Any CPU.Build.0 = Debug|iPhone
		{91898C44-14BC-4E3A-911D-7525A6CEF500}.Debug|Any CPU.Deploy.0 = Debug|iPhone
		{91898C44-14BC-4E3A-911D-7525A6CEF500}.Debug|iPhone.ActiveCfg = Debug|iPhone
		{91898C44-14BC-4E3A-911D-7525A6CEF500}.Debug|iPhone.Build.0 = Debug|iPhone
		{91898C44-14BC-4E3A-911D-7525A6CEF500}.Debug|iPhone.Deploy.0 = Debug|iPhone
		{91898C44-14BC-4E3A-911D-7525A6CEF500}.Debug|iPhoneSimulator.ActiveCfg = Debug|iPhoneSimulator
		{91898C44-14BC-4E3A-911D-7525A6CEF500}.Debug|iPhoneSimulator.Build.0 = Debug|iPhoneSimulator
		{91898C44-14BC-4E3A-911D-7525A6CEF500}.Debug|iPhoneSimulator.Deploy.0 = Debug|iPhoneSimulator
		{91898C44-14BC-4E3A-911D-7525A6CEF500}.Release|Any CPU.ActiveCfg = Release|iPhoneSimulator
		{91898C44-14BC-4E3A-911D-7525A6CEF500}.Release|Any CPU.Build.0 = Release|iPhoneSimulator
		{91898C44-14BC-4E3A-911D-7525A6CEF500}.Release|Any CPU.Deploy.0 = Release|iPhoneSimulator
		{91898C44-14BC-4E3A-911D-7525A6CEF500}.Release|iPhone.ActiveCfg = Release|iPhone
		{91898C44-14BC-4E3A-911D-7525A6CEF500}.Release|iPhone.Build.0 = Release|iPhone
		{91898C44-14BC-4E3A-911D-7525A6CEF500}.Release|iPhone.Deploy.0 = Release|iPhone
		{91898C44-14BC-4E3A-911D-7525A6CEF500}.Release|iPhoneSimulator.ActiveCfg = Release|iPhoneSimulator
		{91898C44-14BC-4E3A-911D-7525A6CEF500}.Release|iPhoneSimulator.Build.0 = Release|iPhoneSimulator
		{91898C44-14BC-4E3A-911D-7525A6CEF500}.Release|iPhoneSimulator.Deploy.0 = Release|iPhoneSimulator
		{E305ABE6-C967-44A9-98D3-A4141ED46C5F}.Debug|Any CPU.ActiveCfg = Debug|Any CPU
		{E305ABE6-C967-44A9-98D3-A4141ED46C5F}.Debug|Any CPU.Build.0 = Debug|Any CPU
		{E305ABE6-C967-44A9-98D3-A4141ED46C5F}.Debug|Any CPU.Deploy.0 = Debug|Any CPU
		{E305ABE6-C967-44A9-98D3-A4141ED46C5F}.Debug|iPhone.ActiveCfg = Debug|Any CPU
		{E305ABE6-C967-44A9-98D3-A4141ED46C5F}.Debug|iPhone.Build.0 = Debug|Any CPU
		{E305ABE6-C967-44A9-98D3-A4141ED46C5F}.Debug|iPhone.Deploy.0 = Debug|Any CPU
		{E305ABE6-C967-44A9-98D3-A4141ED46C5F}.Debug|iPhoneSimulator.ActiveCfg = Debug|Any CPU
		{E305ABE6-C967-44A9-98D3-A4141ED46C5F}.Debug|iPhoneSimulator.Build.0 = Debug|Any CPU
		{E305ABE6-C967-44A9-98D3-A4141ED46C5F}.Debug|iPhoneSimulator.Deploy.0 = Debug|Any CPU
		{E305ABE6-C967-44A9-98D3-A4141ED46C5F}.Release|Any CPU.ActiveCfg = Release|Any CPU
		{E305ABE6-C967-44A9-98D3-A4141ED46C5F}.Release|Any CPU.Build.0 = Release|Any CPU
		{E305ABE6-C967-44A9-98D3-A4141ED46C5F}.Release|Any CPU.Deploy.0 = Release|Any CPU
		{E305ABE6-C967-44A9-98D3-A4141ED46C5F}.Release|iPhone.ActiveCfg = Release|Any CPU
		{E305ABE6-C967-44A9-98D3-A4141ED46C5F}.Release|iPhone.Build.0 = Release|Any CPU
		{E305ABE6-C967-44A9-98D3-A4141ED46C5F}.Release|iPhone.Deploy.0 = Release|Any CPU
		{E305ABE6-C967-44A9-98D3-A4141ED46C5F}.Release|iPhoneSimulator.ActiveCfg = Release|Any CPU
		{E305ABE6-C967-44A9-98D3-A4141ED46C5F}.Release|iPhoneSimulator.Build.0 = Release|Any CPU
		{E305ABE6-C967-44A9-98D3-A4141ED46C5F}.Release|iPhoneSimulator.Deploy.0 = Release|Any CPU
	EndGlobalSection
	GlobalSection(SolutionProperties) = preSolution
		HideSolutionNode = FALSE
	EndGlobalSection
	GlobalSection(ExtensibilityGlobals) = postSolution
		SolutionGuid = {9C9E104C-9728-4273-A9B2-1A1F74D636D6}
	EndGlobalSection
EndGlobal
