
Microsoft Visual Studio Solution File, Format Version 12.00
# Visual Studio Version 16
VisualStudioVersion = 16.0.31410.357
MinimumVisualStudioVersion = 10.0.40219.1
Project("{FAE04EC0-301F-11D3-BF4B-00C04F79EFBC}") = "ButtonTutorial.Android", "ButtonTutorial\ButtonTutorial.Android\ButtonTutorial.Android.csproj", "{3C339091-30F4-4171-BFE6-92D9920DA0EA}"
EndProject
Project("{FAE04EC0-301F-11D3-BF4B-00C04F79EFBC}") = "ButtonTutorial.iOS", "ButtonTutorial\ButtonTutorial.iOS\ButtonTutorial.iOS.csproj", "{03F9B6B6-7ED2-472B-BA9D-56C0ED27FEC4}"
EndProject
Project("{FAE04EC0-301F-11D3-BF4B-00C04F79EFBC}") = "ButtonTutorial", "ButtonTutorial\ButtonTutorial\ButtonTutorial.csproj", "{93567DB8-0D6B-4819-809F-D9E99B2982BB}"
EndProject
Global
	GlobalSection(SolutionConfigurationPlatforms) = preSolution
		Debug|Any CPU = Debug|Any CPU
		Debug|iPhone = Debug|iPhone
		Debug|iPhoneSimulator = Debug|iPhoneSimulator
		Release|Any CPU = Release|Any CPU
		Release|iPhone = Release|iPhone
		Release|iPhoneSimulator = Release|iPhoneSimulator
	EndGlobalSection
	GlobalSection(ProjectConfigurationPlatforms) = postSolution
		{3C339091-30F4-4171-BFE6-92D9920DA0EA}.Debug|Any CPU.ActiveCfg = Debug|Any CPU
		{3C339091-30F4-4171-BFE6-92D9920DA0EA}.Debug|Any CPU.Build.0 = Debug|Any CPU
		{3C339091-30F4-4171-BFE6-92D9920DA0EA}.Debug|Any CPU.Deploy.0 = Debug|Any CPU
		{3C339091-30F4-4171-BFE6-92D9920DA0EA}.Debug|iPhone.ActiveCfg = Debug|Any CPU
		{3C339091-30F4-4171-BFE6-92D9920DA0EA}.Debug|iPhone.Build.0 = Debug|Any CPU
		{3C339091-30F4-4171-BFE6-92D9920DA0EA}.Debug|iPhone.Deploy.0 = Debug|Any CPU
		{3C339091-30F4-4171-BFE6-92D9920DA0EA}.Debug|iPhoneSimulator.ActiveCfg = Debug|Any CPU
		{3C339091-30F4-4171-BFE6-92D9920DA0EA}.Debug|iPhoneSimulator.Build.0 = Debug|Any CPU
		{3C339091-30F4-4171-BFE6-92D9920DA0EA}.Debug|iPhoneSimulator.Deploy.0 = Debug|Any CPU
		{3C339091-30F4-4171-BFE6-92D9920DA0EA}.Release|Any CPU.ActiveCfg = Release|Any CPU
		{3C339091-30F4-4171-BFE6-92D9920DA0EA}.Release|Any CPU.Build.0 = Release|Any CPU
		{3C339091-30F4-4171-BFE6-92D9920DA0EA}.Release|Any CPU.Deploy.0 = Release|Any CPU
		{3C339091-30F4-4171-BFE6-92D9920DA0EA}.Release|iPhone.ActiveCfg = Release|Any CPU
		{3C339091-30F4-4171-BFE6-92D9920DA0EA}.Release|iPhone.Build.0 = Release|Any CPU
		{3C339091-30F4-4171-BFE6-92D9920DA0EA}.Release|iPhone.Deploy.0 = Release|Any CPU
		{3C339091-30F4-4171-BFE6-92D9920DA0EA}.Release|iPhoneSimulator.ActiveCfg = Release|Any CPU
		{3C339091-30F4-4171-BFE6-92D9920DA0EA}.Release|iPhoneSimulator.Build.0 = Release|Any CPU
		{3C339091-30F4-4171-BFE6-92D9920DA0EA}.Release|iPhoneSimulator.Deploy.0 = Release|Any CPU
		{03F9B6B6-7ED2-472B-BA9D-56C0ED27FEC4}.Debug|Any CPU.ActiveCfg = Debug|iPhone
		{03F9B6B6-7ED2-472B-BA9D-56C0ED27FEC4}.Debug|Any CPU.Build.0 = Debug|iPhone
		{03F9B6B6-7ED2-472B-BA9D-56C0ED27FEC4}.Debug|Any CPU.Deploy.0 = Debug|iPhone
		{03F9B6B6-7ED2-472B-BA9D-56C0ED27FEC4}.Debug|iPhone.ActiveCfg = Debug|iPhone
		{03F9B6B6-7ED2-472B-BA9D-56C0ED27FEC4}.Debug|iPhone.Build.0 = Debug|iPhone
		{03F9B6B6-7ED2-472B-BA9D-56C0ED27FEC4}.Debug|iPhone.Deploy.0 = Debug|iPhone
		{03F9B6B6-7ED2-472B-BA9D-56C0ED27FEC4}.Debug|iPhoneSimulator.ActiveCfg = Debug|iPhoneSimulator
		{03F9B6B6-7ED2-472B-BA9D-56C0ED27FEC4}.Debug|iPhoneSimulator.Build.0 = Debug|iPhoneSimulator
		{03F9B6B6-7ED2-472B-BA9D-56C0ED27FEC4}.Debug|iPhoneSimulator.Deploy.0 = Debug|iPhoneSimulator
		{03F9B6B6-7ED2-472B-BA9D-56C0ED27FEC4}.Release|Any CPU.ActiveCfg = Release|iPhoneSimulator
		{03F9B6B6-7ED2-472B-BA9D-56C0ED27FEC4}.Release|Any CPU.Build.0 = Release|iPhoneSimulator
		{03F9B6B6-7ED2-472B-BA9D-56C0ED27FEC4}.Release|Any CPU.Deploy.0 = Release|iPhoneSimulator
		{03F9B6B6-7ED2-472B-BA9D-56C0ED27FEC4}.Release|iPhone.ActiveCfg = Release|iPhone
		{03F9B6B6-7ED2-472B-BA9D-56C0ED27FEC4}.Release|iPhone.Build.0 = Release|iPhone
		{03F9B6B6-7ED2-472B-BA9D-56C0ED27FEC4}.Release|iPhone.Deploy.0 = Release|iPhone
		{03F9B6B6-7ED2-472B-BA9D-56C0ED27FEC4}.Release|iPhoneSimulator.ActiveCfg = Release|iPhoneSimulator
		{03F9B6B6-7ED2-472B-BA9D-56C0ED27FEC4}.Release|iPhoneSimulator.Build.0 = Release|iPhoneSimulator
		{03F9B6B6-7ED2-472B-BA9D-56C0ED27FEC4}.Release|iPhoneSimulator.Deploy.0 = Release|iPhoneSimulator
		{93567DB8-0D6B-4819-809F-D9E99B2982BB}.Debug|Any CPU.ActiveCfg = Debug|Any CPU
		{93567DB8-0D6B-4819-809F-D9E99B2982BB}.Debug|Any CPU.Build.0 = Debug|Any CPU
		{93567DB8-0D6B-4819-809F-D9E99B2982BB}.Debug|Any CPU.Deploy.0 = Debug|Any CPU
		{93567DB8-0D6B-4819-809F-D9E99B2982BB}.Debug|iPhone.ActiveCfg = Debug|Any CPU
		{93567DB8-0D6B-4819-809F-D9E99B2982BB}.Debug|iPhone.Build.0 = Debug|Any CPU
		{93567DB8-0D6B-4819-809F-D9E99B2982BB}.Debug|iPhone.Deploy.0 = Debug|Any CPU
		{93567DB8-0D6B-4819-809F-D9E99B2982BB}.Debug|iPhoneSimulator.ActiveCfg = Debug|Any CPU
		{93567DB8-0D6B-4819-809F-D9E99B2982BB}.Debug|iPhoneSimulator.Build.0 = Debug|Any CPU
		{93567DB8-0D6B-4819-809F-D9E99B2982BB}.Debug|iPhoneSimulator.Deploy.0 = Debug|Any CPU
		{93567DB8-0D6B-4819-809F-D9E99B2982BB}.Release|Any CPU.ActiveCfg = Release|Any CPU
		{93567DB8-0D6B-4819-809F-D9E99B2982BB}.Release|Any CPU.Build.0 = Release|Any CPU
		{93567DB8-0D6B-4819-809F-D9E99B2982BB}.Release|Any CPU.Deploy.0 = Release|Any CPU
		{93567DB8-0D6B-4819-809F-D9E99B2982BB}.Release|iPhone.ActiveCfg = Release|Any CPU
		{93567DB8-0D6B-4819-809F-D9E99B2982BB}.Release|iPhone.Build.0 = Release|Any CPU
		{93567DB8-0D6B-4819-809F-D9E99B2982BB}.Release|iPhone.Deploy.0 = Release|Any CPU
		{93567DB8-0D6B-4819-809F-D9E99B2982BB}.Release|iPhoneSimulator.ActiveCfg = Release|Any CPU
		{93567DB8-0D6B-4819-809F-D9E99B2982BB}.Release|iPhoneSimulator.Build.0 = Release|Any CPU
		{93567DB8-0D6B-4819-809F-D9E99B2982BB}.Release|iPhoneSimulator.Deploy.0 = Release|Any CPU
	EndGlobalSection
	GlobalSection(SolutionProperties) = preSolution
		HideSolutionNode = FALSE
	EndGlobalSection
	GlobalSection(ExtensibilityGlobals) = postSolution
		SolutionGuid = {0A0E6971-9CDD-4853-B20E-40794A320686}
	EndGlobalSection
EndGlobal
